// !$*UTF8*$!
{
	archiveVersion = 1;
	classes = {
	};
	objectVersion = 50;
	objects = {

/* Begin PBXBuildFile section */
		6BE575EC231DCC2F001A2623 /* AppDelegate.swift in Sources */ = {isa = PBXBuildFile; fileRef = 6BE575EB231DCC2F001A2623 /* AppDelegate.swift */; };
		6BE575EE231DCC2F001A2623 /* ViewController.swift in Sources */ = {isa = PBXBuildFile; fileRef = 6BE575ED231DCC2F001A2623 /* ViewController.swift */; };
		6BE575F0231DCC30001A2623 /* Assets.xcassets in Resources */ = {isa = PBXBuildFile; fileRef = 6BE575EF231DCC30001A2623 /* Assets.xcassets */; };
		6BE575F3231DCC30001A2623 /* Main.storyboard in Resources */ = {isa = PBXBuildFile; fileRef = 6BE575F1231DCC30001A2623 /* Main.storyboard */; };
		6BE575FF231DCC30001A2623 /* Lifes_ProgressTests.swift in Sources */ = {isa = PBXBuildFile; fileRef = 6BE575FE231DCC30001A2623 /* Lifes_ProgressTests.swift */; };
		6BE5760A231DCC30001A2623 /* Lifes_ProgressUITests.swift in Sources */ = {isa = PBXBuildFile; fileRef = 6BE57609231DCC30001A2623 /* Lifes_ProgressUITests.swift */; };
		6BE57618231DCCB5001A2623 /* SettingsViewController.swift in Sources */ = {isa = PBXBuildFile; fileRef = 6BE57617231DCCB5001A2623 /* SettingsViewController.swift */; };
		6BE5761F231DCCE0001A2623 /* StatusViewController.xib in Resources */ = {isa = PBXBuildFile; fileRef = 6BE57619231DCCE0001A2623 /* StatusViewController.xib */; };
		6BE57620231DCCE0001A2623 /* StatusViewController.swift in Sources */ = {isa = PBXBuildFile; fileRef = 6BE5761A231DCCE0001A2623 /* StatusViewController.swift */; };
		6BE57623231DCCE0001A2623 /* StatusController.swift in Sources */ = {isa = PBXBuildFile; fileRef = 6BE5761D231DCCE0001A2623 /* StatusController.swift */; };
		6BE57626231DCCF2001A2623 /* EventMonitor.swift in Sources */ = {isa = PBXBuildFile; fileRef = 6BE57625231DCCF2001A2623 /* EventMonitor.swift */; };
/* End PBXBuildFile section */

/* Begin PBXContainerItemProxy section */
		6BE575FB231DCC30001A2623 /* PBXContainerItemProxy */ = {
			isa = PBXContainerItemProxy;
			containerPortal = 6BE575E0231DCC2F001A2623 /* Project object */;
			proxyType = 1;
			remoteGlobalIDString = 6BE575E7231DCC2F001A2623;
			remoteInfo = "Lifes Progress";
		};
		6BE57606231DCC30001A2623 /* PBXContainerItemProxy */ = {
			isa = PBXContainerItemProxy;
			containerPortal = 6BE575E0231DCC2F001A2623 /* Project object */;
			proxyType = 1;
			remoteGlobalIDString = 6BE575E7231DCC2F001A2623;
			remoteInfo = "Lifes Progress";
		};
/* End PBXContainerItemProxy section */

/* Begin PBXFileReference section */
		6BE575E8231DCC2F001A2623 /* Lifes Progress.app */ = {isa = PBXFileReference; explicitFileType = wrapper.application; includeInIndex = 0; path = "Lifes Progress.app"; sourceTree = BUILT_PRODUCTS_DIR; };
		6BE575EB231DCC2F001A2623 /* AppDelegate.swift */ = {isa = PBXFileReference; lastKnownFileType = sourcecode.swift; path = AppDelegate.swift; sourceTree = "<group>"; };
		6BE575ED231DCC2F001A2623 /* ViewController.swift */ = {isa = PBXFileReference; lastKnownFileType = sourcecode.swift; path = ViewController.swift; sourceTree = "<group>"; };
		6BE575EF231DCC30001A2623 /* Assets.xcassets */ = {isa = PBXFileReference; lastKnownFileType = folder.assetcatalog; path = Assets.xcassets; sourceTree = "<group>"; };
		6BE575F2231DCC30001A2623 /* Base */ = {isa = PBXFileReference; lastKnownFileType = file.storyboard; name = Base; path = Base.lproj/Main.storyboard; sourceTree = "<group>"; };
		6BE575F4231DCC30001A2623 /* Info.plist */ = {isa = PBXFileReference; lastKnownFileType = text.plist.xml; path = Info.plist; sourceTree = "<group>"; };
		6BE575F5231DCC30001A2623 /* Lifes_Progress.entitlements */ = {isa = PBXFileReference; lastKnownFileType = text.plist.entitlements; path = Lifes_Progress.entitlements; sourceTree = "<group>"; };
		6BE575FA231DCC30001A2623 /* Lifes ProgressTests.xctest */ = {isa = PBXFileReference; explicitFileType = wrapper.cfbundle; includeInIndex = 0; path = "Lifes ProgressTests.xctest"; sourceTree = BUILT_PRODUCTS_DIR; };
		6BE575FE231DCC30001A2623 /* Lifes_ProgressTests.swift */ = {isa = PBXFileReference; lastKnownFileType = sourcecode.swift; path = Lifes_ProgressTests.swift; sourceTree = "<group>"; };
		6BE57600231DCC30001A2623 /* Info.plist */ = {isa = PBXFileReference; lastKnownFileType = text.plist.xml; path = Info.plist; sourceTree = "<group>"; };
		6BE57605231DCC30001A2623 /* Lifes ProgressUITests.xctest */ = {isa = PBXFileReference; explicitFileType = wrapper.cfbundle; includeInIndex = 0; path = "Lifes ProgressUITests.xctest"; sourceTree = BUILT_PRODUCTS_DIR; };
		6BE57609231DCC30001A2623 /* Lifes_ProgressUITests.swift */ = {isa = PBXFileReference; lastKnownFileType = sourcecode.swift; path = Lifes_ProgressUITests.swift; sourceTree = "<group>"; };
		6BE5760B231DCC30001A2623 /* Info.plist */ = {isa = PBXFileReference; lastKnownFileType = text.plist.xml; path = Info.plist; sourceTree = "<group>"; };
		6BE57617231DCCB5001A2623 /* SettingsViewController.swift */ = {isa = PBXFileReference; fileEncoding = 4; lastKnownFileType = sourcecode.swift; path = SettingsViewController.swift; sourceTree = "<group>"; };
		6BE57619231DCCE0001A2623 /* StatusViewController.xib */ = {isa = PBXFileReference; fileEncoding = 4; lastKnownFileType = file.xib; path = StatusViewController.xib; sourceTree = "<group>"; };
		6BE5761A231DCCE0001A2623 /* StatusViewController.swift */ = {isa = PBXFileReference; fileEncoding = 4; lastKnownFileType = sourcecode.swift; path = StatusViewController.swift; sourceTree = "<group>"; };
		6BE5761D231DCCE0001A2623 /* StatusController.swift */ = {isa = PBXFileReference; fileEncoding = 4; lastKnownFileType = sourcecode.swift; path = StatusController.swift; sourceTree = "<group>"; };
		6BE57625231DCCF2001A2623 /* EventMonitor.swift */ = {isa = PBXFileReference; fileEncoding = 4; lastKnownFileType = sourcecode.swift; path = EventMonitor.swift; sourceTree = "<group>"; };
/* End PBXFileReference section */

/* Begin PBXFrameworksBuildPhase section */
		6BE575E5231DCC2F001A2623 /* Frameworks */ = {
			isa = PBXFrameworksBuildPhase;
			buildActionMask = 2147483647;
			files = (
			);
			runOnlyForDeploymentPostprocessing = 0;
		};
		6BE575F7231DCC30001A2623 /* Frameworks */ = {
			isa = PBXFrameworksBuildPhase;
			buildActionMask = 2147483647;
			files = (
			);
			runOnlyForDeploymentPostprocessing = 0;
		};
		6BE57602231DCC30001A2623 /* Frameworks */ = {
			isa = PBXFrameworksBuildPhase;
			buildActionMask = 2147483647;
			files = (
			);
			runOnlyForDeploymentPostprocessing = 0;
		};
/* End PBXFrameworksBuildPhase section */

/* Begin PBXGroup section */
		6BE575DF231DCC2F001A2623 = {
			isa = PBXGroup;
			children = (
				6BE575EA231DCC2F001A2623 /* Lifes Progress */,
				6BE575FD231DCC30001A2623 /* Lifes ProgressTests */,
				6BE57608231DCC30001A2623 /* Lifes ProgressUITests */,
				6BE575E9231DCC2F001A2623 /* Products */,
			);
			sourceTree = "<group>";
		};
		6BE575E9231DCC2F001A2623 /* Products */ = {
			isa = PBXGroup;
			children = (
				6BE575E8231DCC2F001A2623 /* Lifes Progress.app */,
				6BE575FA231DCC30001A2623 /* Lifes ProgressTests.xctest */,
				6BE57605231DCC30001A2623 /* Lifes ProgressUITests.xctest */,
			);
			name = Products;
			sourceTree = "<group>";
		};
		6BE575EA231DCC2F001A2623 /* Lifes Progress */ = {
			isa = PBXGroup;
			children = (
				6BE57625231DCCF2001A2623 /* EventMonitor.swift */,
				6BE5761D231DCCE0001A2623 /* StatusController.swift */,
				6BE5761A231DCCE0001A2623 /* StatusViewController.swift */,
				6BE57619231DCCE0001A2623 /* StatusViewController.xib */,
				6BE57617231DCCB5001A2623 /* SettingsViewController.swift */,
				6BE575EB231DCC2F001A2623 /* AppDelegate.swift */,
				6BE575ED231DCC2F001A2623 /* ViewController.swift */,
				6BE575EF231DCC30001A2623 /* Assets.xcassets */,
				6BE575F1231DCC30001A2623 /* Main.storyboard */,
				6BE575F4231DCC30001A2623 /* Info.plist */,
				6BE575F5231DCC30001A2623 /* Lifes_Progress.entitlements */,
			);
			path = "Lifes Progress";
			sourceTree = "<group>";
		};
		6BE575FD231DCC30001A2623 /* Lifes ProgressTests */ = {
			isa = PBXGroup;
			children = (
				6BE575FE231DCC30001A2623 /* Lifes_ProgressTests.swift */,
				6BE57600231DCC30001A2623 /* Info.plist */,
			);
			path = "Lifes ProgressTests";
			sourceTree = "<group>";
		};
		6BE57608231DCC30001A2623 /* Lifes ProgressUITests */ = {
			isa = PBXGroup;
			children = (
				6BE57609231DCC30001A2623 /* Lifes_ProgressUITests.swift */,
				6BE5760B231DCC30001A2623 /* Info.plist */,
			);
			path = "Lifes ProgressUITests";
			sourceTree = "<group>";
		};
/* End PBXGroup section */

/* Begin PBXNativeTarget section */
		6BE575E7231DCC2F001A2623 /* Lifes Progress */ = {
			isa = PBXNativeTarget;
			buildConfigurationList = 6BE5760E231DCC30001A2623 /* Build configuration list for PBXNativeTarget "Lifes Progress" */;
			buildPhases = (
				6BE575E4231DCC2F001A2623 /* Sources */,
				6BE575E5231DCC2F001A2623 /* Frameworks */,
				6BE575E6231DCC2F001A2623 /* Resources */,
			);
			buildRules = (
			);
			dependencies = (
			);
			name = "Lifes Progress";
			productName = "Lifes Progress";
			productReference = 6BE575E8231DCC2F001A2623 /* Lifes Progress.app */;
			productType = "com.apple.product-type.application";
		};
		6BE575F9231DCC30001A2623 /* Lifes ProgressTests */ = {
			isa = PBXNativeTarget;
			buildConfigurationList = 6BE57611231DCC30001A2623 /* Build configuration list for PBXNativeTarget "Lifes ProgressTests" */;
			buildPhases = (
				6BE575F6231DCC30001A2623 /* Sources */,
				6BE575F7231DCC30001A2623 /* Frameworks */,
				6BE575F8231DCC30001A2623 /* Resources */,
			);
			buildRules = (
			);
			dependencies = (
				6BE575FC231DCC30001A2623 /* PBXTargetDependency */,
			);
			name = "Lifes ProgressTests";
			productName = "Lifes ProgressTests";
			productReference = 6BE575FA231DCC30001A2623 /* Lifes ProgressTests.xctest */;
			productType = "com.apple.product-type.bundle.unit-test";
		};
		6BE57604231DCC30001A2623 /* Lifes ProgressUITests */ = {
			isa = PBXNativeTarget;
			buildConfigurationList = 6BE57614231DCC30001A2623 /* Build configuration list for PBXNativeTarget "Lifes ProgressUITests" */;
			buildPhases = (
				6BE57601231DCC30001A2623 /* Sources */,
				6BE57602231DCC30001A2623 /* Frameworks */,
				6BE57603231DCC30001A2623 /* Resources */,
			);
			buildRules = (
			);
			dependencies = (
				6BE57607231DCC30001A2623 /* PBXTargetDependency */,
			);
			name = "Lifes ProgressUITests";
			productName = "Lifes ProgressUITests";
			productReference = 6BE57605231DCC30001A2623 /* Lifes ProgressUITests.xctest */;
			productType = "com.apple.product-type.bundle.ui-testing";
		};
/* End PBXNativeTarget section */

/* Begin PBXProject section */
		6BE575E0231DCC2F001A2623 /* Project object */ = {
			isa = PBXProject;
			attributes = {
				LastSwiftUpdateCheck = 1030;
				LastUpgradeCheck = 1030;
				ORGANIZATIONNAME = "Cummings, Dan";
				TargetAttributes = {
					6BE575E7231DCC2F001A2623 = {
						CreatedOnToolsVersion = 10.3;
					};
					6BE575F9231DCC30001A2623 = {
						CreatedOnToolsVersion = 10.3;
						TestTargetID = 6BE575E7231DCC2F001A2623;
					};
					6BE57604231DCC30001A2623 = {
						CreatedOnToolsVersion = 10.3;
						TestTargetID = 6BE575E7231DCC2F001A2623;
					};
				};
			};
			buildConfigurationList = 6BE575E3231DCC2F001A2623 /* Build configuration list for PBXProject "Lifes Progress" */;
			compatibilityVersion = "Xcode 9.3";
			developmentRegion = en;
			hasScannedForEncodings = 0;
			knownRegions = (
				en,
				Base,
			);
			mainGroup = 6BE575DF231DCC2F001A2623;
			productRefGroup = 6BE575E9231DCC2F001A2623 /* Products */;
			projectDirPath = "";
			projectRoot = "";
			targets = (
				6BE575E7231DCC2F001A2623 /* Lifes Progress */,
				6BE575F9231DCC30001A2623 /* Lifes ProgressTests */,
				6BE57604231DCC30001A2623 /* Lifes ProgressUITests */,
			);
		};
/* End PBXProject section */

/* Begin PBXResourcesBuildPhase section */
		6BE575E6231DCC2F001A2623 /* Resources */ = {
			isa = PBXResourcesBuildPhase;
			buildActionMask = 2147483647;
			files = (
				6BE5761F231DCCE0001A2623 /* StatusViewController.xib in Resources */,
				6BE575F0231DCC30001A2623 /* Assets.xcassets in Resources */,
				6BE575F3231DCC30001A2623 /* Main.storyboard in Resources */,
			);
			runOnlyForDeploymentPostprocessing = 0;
		};
		6BE575F8231DCC30001A2623 /* Resources */ = {
			isa = PBXResourcesBuildPhase;
			buildActionMask = 2147483647;
			files = (
			);
			runOnlyForDeploymentPostprocessing = 0;
		};
		6BE57603231DCC30001A2623 /* Resources */ = {
			isa = PBXResourcesBuildPhase;
			buildActionMask = 2147483647;
			files = (
			);
			runOnlyForDeploymentPostprocessing = 0;
		};
/* End PBXResourcesBuildPhase section */

/* Begin PBXSourcesBuildPhase section */
		6BE575E4231DCC2F001A2623 /* Sources */ = {
			isa = PBXSourcesBuildPhase;
			buildActionMask = 2147483647;
			files = (
				6BE57620231DCCE0001A2623 /* StatusViewController.swift in Sources */,
				6BE575EE231DCC2F001A2623 /* ViewController.swift in Sources */,
				6BE575EC231DCC2F001A2623 /* AppDelegate.swift in Sources */,
				6BE57623231DCCE0001A2623 /* StatusController.swift in Sources */,
				6BE57618231DCCB5001A2623 /* SettingsViewController.swift in Sources */,
				6BE57626231DCCF2001A2623 /* EventMonitor.swift in Sources */,
			);
			runOnlyForDeploymentPostprocessing = 0;
		};
		6BE575F6231DCC30001A2623 /* Sources */ = {
			isa = PBXSourcesBuildPhase;
			buildActionMask = 2147483647;
			files = (
				6BE575FF231DCC30001A2623 /* Lifes_ProgressTests.swift in Sources */,
			);
			runOnlyForDeploymentPostprocessing = 0;
		};
		6BE57601231DCC30001A2623 /* Sources */ = {
			isa = PBXSourcesBuildPhase;
			buildActionMask = 2147483647;
			files = (
				6BE5760A231DCC30001A2623 /* Lifes_ProgressUITests.swift in Sources */,
			);
			runOnlyForDeploymentPostprocessing = 0;
		};
/* End PBXSourcesBuildPhase section */

/* Begin PBXTargetDependency section */
		6BE575FC231DCC30001A2623 /* PBXTargetDependency */ = {
			isa = PBXTargetDependency;
			target = 6BE575E7231DCC2F001A2623 /* Lifes Progress */;
			targetProxy = 6BE575FB231DCC30001A2623 /* PBXContainerItemProxy */;
		};
		6BE57607231DCC30001A2623 /* PBXTargetDependency */ = {
			isa = PBXTargetDependency;
			target = 6BE575E7231DCC2F001A2623 /* Lifes Progress */;
			targetProxy = 6BE57606231DCC30001A2623 /* PBXContainerItemProxy */;
		};
/* End PBXTargetDependency section */

/* Begin PBXVariantGroup section */
		6BE575F1231DCC30001A2623 /* Main.storyboard */ = {
			isa = PBXVariantGroup;
			children = (
				6BE575F2231DCC30001A2623 /* Base */,
			);
			name = Main.storyboard;
			sourceTree = "<group>";
		};
/* End PBXVariantGroup section */

/* Begin XCBuildConfiguration section */
		6BE5760C231DCC30001A2623 /* Debug */ = {
			isa = XCBuildConfiguration;
			buildSettings = {
				ALWAYS_SEARCH_USER_PATHS = NO;
				CLANG_ANALYZER_NONNULL = YES;
				CLANG_ANALYZER_NUMBER_OBJECT_CONVERSION = YES_AGGRESSIVE;
				CLANG_CXX_LANGUAGE_STANDARD = "gnu++14";
				CLANG_CXX_LIBRARY = "libc++";
				CLANG_ENABLE_MODULES = YES;
				CLANG_ENABLE_OBJC_ARC = YES;
				CLANG_ENABLE_OBJC_WEAK = YES;
				CLANG_WARN_BLOCK_CAPTURE_AUTORELEASING = YES;
				CLANG_WARN_BOOL_CONVERSION = YES;
				CLANG_WARN_COMMA = YES;
				CLANG_WARN_CONSTANT_CONVERSION = YES;
				CLANG_WARN_DEPRECATED_OBJC_IMPLEMENTATIONS = YES;
				CLANG_WARN_DIRECT_OBJC_ISA_USAGE = YES_ERROR;
				CLANG_WARN_DOCUMENTATION_COMMENTS = YES;
				CLANG_WARN_EMPTY_BODY = YES;
				CLANG_WARN_ENUM_CONVERSION = YES;
				CLANG_WARN_INFINITE_RECURSION = YES;
				CLANG_WARN_INT_CONVERSION = YES;
				CLANG_WARN_NON_LITERAL_NULL_CONVERSION = YES;
				CLANG_WARN_OBJC_IMPLICIT_RETAIN_SELF = YES;
				CLANG_WARN_OBJC_LITERAL_CONVERSION = YES;
				CLANG_WARN_OBJC_ROOT_CLASS = YES_ERROR;
				CLANG_WARN_RANGE_LOOP_ANALYSIS = YES;
				CLANG_WARN_STRICT_PROTOTYPES = YES;
				CLANG_WARN_SUSPICIOUS_MOVE = YES;
				CLANG_WARN_UNGUARDED_AVAILABILITY = YES_AGGRESSIVE;
				CLANG_WARN_UNREACHABLE_CODE = YES;
				CLANG_WARN__DUPLICATE_METHOD_MATCH = YES;
				CODE_SIGN_IDENTITY = "Mac Developer";
				COPY_PHASE_STRIP = NO;
				DEBUG_INFORMATION_FORMAT = dwarf;
				ENABLE_STRICT_OBJC_MSGSEND = YES;
				ENABLE_TESTABILITY = YES;
				GCC_C_LANGUAGE_STANDARD = gnu11;
				GCC_DYNAMIC_NO_PIC = NO;
				GCC_NO_COMMON_BLOCKS = YES;
				GCC_OPTIMIZATION_LEVEL = 0;
				GCC_PREPROCESSOR_DEFINITIONS = (
					"DEBUG=1",
					"$(inherited)",
				);
				GCC_WARN_64_TO_32_BIT_CONVERSION = YES;
				GCC_WARN_ABOUT_RETURN_TYPE = YES_ERROR;
				GCC_WARN_UNDECLARED_SELECTOR = YES;
				GCC_WARN_UNINITIALIZED_AUTOS = YES_AGGRESSIVE;
				GCC_WARN_UNUSED_FUNCTION = YES;
				GCC_WARN_UNUSED_VARIABLE = YES;
				MACOSX_DEPLOYMENT_TARGET = 10.14;
				MTL_ENABLE_DEBUG_INFO = INCLUDE_SOURCE;
				MTL_FAST_MATH = YES;
				ONLY_ACTIVE_ARCH = YES;
				SDKROOT = macosx;
				SWIFT_ACTIVE_COMPILATION_CONDITIONS = DEBUG;
				SWIFT_OPTIMIZATION_LEVEL = "-Onone";
			};
			name = Debug;
		};
		6BE5760D231DCC30001A2623 /* Release */ = {
			isa = XCBuildConfiguration;
			buildSettings = {
				ALWAYS_SEARCH_USER_PATHS = NO;
				CLANG_ANALYZER_NONNULL = YES;
				CLANG_ANALYZER_NUMBER_OBJECT_CONVERSION = YES_AGGRESSIVE;
				CLANG_CXX_LANGUAGE_STANDARD = "gnu++14";
				CLANG_CXX_LIBRARY = "libc++";
				CLANG_ENABLE_MODULES = YES;
				CLANG_ENABLE_OBJC_ARC = YES;
				CLANG_ENABLE_OBJC_WEAK = YES;
				CLANG_WARN_BLOCK_CAPTURE_AUTORELEASING = YES;
				CLANG_WARN_BOOL_CONVERSION = YES;
				CLANG_WARN_COMMA = YES;
				CLANG_WARN_CONSTANT_CONVERSION = YES;
				CLANG_WARN_DEPRECATED_OBJC_IMPLEMENTATIONS = YES;
				CLANG_WARN_DIRECT_OBJC_ISA_USAGE = YES_ERROR;
				CLANG_WARN_DOCUMENTATION_COMMENTS = YES;
				CLANG_WARN_EMPTY_BODY = YES;
				CLANG_WARN_ENUM_CONVERSION = YES;
				CLANG_WARN_INFINITE_RECURSION = YES;
				CLANG_WARN_INT_CONVERSION = YES;
				CLANG_WARN_NON_LITERAL_NULL_CONVERSION = YES;
				CLANG_WARN_OBJC_IMPLICIT_RETAIN_SELF = YES;
				CLANG_WARN_OBJC_LITERAL_CONVERSION = YES;
				CLANG_WARN_OBJC_ROOT_CLASS = YES_ERROR;
				CLANG_WARN_RANGE_LOOP_ANALYSIS = YES;
				CLANG_WARN_STRICT_PROTOTYPES = YES;
				CLANG_WARN_SUSPICIOUS_MOVE = YES;
				CLANG_WARN_UNGUARDED_AVAILABILITY = YES_AGGRESSIVE;
				CLANG_WARN_UNREACHABLE_CODE = YES;
				CLANG_WARN__DUPLICATE_METHOD_MATCH = YES;
				CODE_SIGN_IDENTITY = "Mac Developer";
				COPY_PHASE_STRIP = NO;
				DEBUG_INFORMATION_FORMAT = "dwarf-with-dsym";
				ENABLE_NS_ASSERTIONS = NO;
				ENABLE_STRICT_OBJC_MSGSEND = YES;
				GCC_C_LANGUAGE_STANDARD = gnu11;
				GCC_NO_COMMON_BLOCKS = YES;
				GCC_WARN_64_TO_32_BIT_CONVERSION = YES;
				GCC_WARN_ABOUT_RETURN_TYPE = YES_ERROR;
				GCC_WARN_UNDECLARED_SELECTOR = YES;
				GCC_WARN_UNINITIALIZED_AUTOS = YES_AGGRESSIVE;
				GCC_WARN_UNUSED_FUNCTION = YES;
				GCC_WARN_UNUSED_VARIABLE = YES;
				MACOSX_DEPLOYMENT_TARGET = 10.14;
				MTL_ENABLE_DEBUG_INFO = NO;
				MTL_FAST_MATH = YES;
				SDKROOT = macosx;
				SWIFT_COMPILATION_MODE = wholemodule;
				SWIFT_OPTIMIZATION_LEVEL = "-O";
			};
			name = Release;
		};
		6BE5760F231DCC30001A2623 /* Debug */ = {
			isa = XCBuildConfiguration;
			buildSettings = {
				ASSETCATALOG_COMPILER_APPICON_NAME = AppIcon;
				CODE_SIGN_ENTITLEMENTS = "Lifes Progress/Lifes_Progress.entitlements";
				CODE_SIGN_STYLE = Automatic;
				COMBINE_HIDPI_IMAGES = YES;
				DEVELOPMENT_TEAM = F2H6TURFBZ;
				INFOPLIST_FILE = "Lifes Progress/Info.plist";
				LD_RUNPATH_SEARCH_PATHS = (
					"$(inherited)",
					"@executable_path/../Frameworks",
				);
				PRODUCT_BUNDLE_IDENTIFIER = "personal.Lifes-Progress";
				PRODUCT_NAME = "$(TARGET_NAME)";
				SWIFT_VERSION = 5.0;
			};
			name = Debug;
		};
		6BE57610231DCC30001A2623 /* Release */ = {
			isa = XCBuildConfiguration;
			buildSettings = {
				ASSETCATALOG_COMPILER_APPICON_NAME = AppIcon;
				CODE_SIGN_ENTITLEMENTS = "Lifes Progress/Lifes_Progress.entitlements";
				CODE_SIGN_STYLE = Automatic;
				COMBINE_HIDPI_IMAGES = YES;
				DEVELOPMENT_TEAM = F2H6TURFBZ;
				INFOPLIST_FILE = "Lifes Progress/Info.plist";
				LD_RUNPATH_SEARCH_PATHS = (
					"$(inherited)",
					"@executable_path/../Frameworks",
				);
				PRODUCT_BUNDLE_IDENTIFIER = "personal.Lifes-Progress";
				PRODUCT_NAME = "$(TARGET_NAME)";
				SWIFT_VERSION = 5.0;
			};
			name = Release;
		};
		6BE57612231DCC30001A2623 /* Debug */ = {
			isa = XCBuildConfiguration;
			buildSettings = {
				ALWAYS_EMBED_SWIFT_STANDARD_LIBRARIES = YES;
				BUNDLE_LOADER = "$(TEST_HOST)";
				CODE_SIGN_STYLE = Automatic;
				COMBINE_HIDPI_IMAGES = YES;
				DEVELOPMENT_TEAM = F2H6TURFBZ;
				INFOPLIST_FILE = "Lifes ProgressTests/Info.plist";
				LD_RUNPATH_SEARCH_PATHS = (
					"$(inherited)",
					"@executable_path/../Frameworks",
					"@loader_path/../Frameworks",
				);
				PRODUCT_BUNDLE_IDENTIFIER = "personal.Lifes-ProgressTests";
				PRODUCT_NAME = "$(TARGET_NAME)";
				SWIFT_VERSION = 5.0;
				TEST_HOST = "$(BUILT_PRODUCTS_DIR)/Lifes Progress.app/Contents/MacOS/Lifes Progress";
			};
			name = Debug;
		};
		6BE57613231DCC30001A2623 /* Release */ = {
			isa = XCBuildConfiguration;
			buildSettings = {
				ALWAYS_EMBED_SWIFT_STANDARD_LIBRARIES = YES;
				BUNDLE_LOADER = "$(TEST_HOST)";
				CODE_SIGN_STYLE = Automatic;
				COMBINE_HIDPI_IMAGES = YES;
				DEVELOPMENT_TEAM = F2H6TURFBZ;
				INFOPLIST_FILE = "Lifes ProgressTests/Info.plist";
				LD_RUNPATH_SEARCH_PATHS = (
					"$(inherited)",
					"@executable_path/../Frameworks",
					"@loader_path/../Frameworks",
				);
				PRODUCT_BUNDLE_IDENTIFIER = "personal.Lifes-ProgressTests";
				PRODUCT_NAME = "$(TARGET_NAME)";
				SWIFT_VERSION = 5.0;
				TEST_HOST = "$(BUILT_PRODUCTS_DIR)/Lifes Progress.app/Contents/MacOS/Lifes Progress";
			};
			name = Release;
		};
		6BE57615231DCC30001A2623 /* Debug */ = {
			isa = XCBuildConfiguration;
			buildSettings = {
				ALWAYS_EMBED_SWIFT_STANDARD_LIBRARIES = YES;
				CODE_SIGN_STYLE = Automatic;
				COMBINE_HIDPI_IMAGES = YES;
				DEVELOPMENT_TEAM = F2H6TURFBZ;
				INFOPLIST_FILE = "Lifes ProgressUITests/Info.plist";
				LD_RUNPATH_SEARCH_PATHS = (
					"$(inherited)",
					"@executable_path/../Frameworks",
					"@loader_path/../Frameworks",
				);
				PRODUCT_BUNDLE_IDENTIFIER = "personal.Lifes-ProgressUITests";
				PRODUCT_NAME = "$(TARGET_NAME)";
				SWIFT_VERSION = 5.0;
				TEST_TARGET_NAME = "Lifes Progress";
			};
			name = Debug;
		};
		6BE57616231DCC30001A2623 /* Release */ = {
			isa = XCBuildConfiguration;
			buildSettings = {
				ALWAYS_EMBED_SWIFT_STANDARD_LIBRARIES = YES;
				CODE_SIGN_STYLE = Automatic;
				COMBINE_HIDPI_IMAGES = YES;
				DEVELOPMENT_TEAM = F2H6TURFBZ;
				INFOPLIST_FILE = "Lifes ProgressUITests/Info.plist";
				LD_RUNPATH_SEARCH_PATHS = (
					"$(inherited)",
					"@executable_path/../Frameworks",
					"@loader_path/../Frameworks",
				);
				PRODUCT_BUNDLE_IDENTIFIER = "personal.Lifes-ProgressUITests";
				PRODUCT_NAME = "$(TARGET_NAME)";
				SWIFT_VERSION = 5.0;
				TEST_TARGET_NAME = "Lifes Progress";
			};
			name = Release;
		};
/* End XCBuildConfiguration section */

/* Begin XCConfigurationList section */
		6BE575E3231DCC2F001A2623 /* Build configuration list for PBXProject "Lifes Progress" */ = {
			isa = XCConfigurationList;
			buildConfigurations = (
				6BE5760C231DCC30001A2623 /* Debug */,
				6BE5760D231DCC30001A2623 /* Release */,
			);
			defaultConfigurationIsVisible = 0;
			defaultConfigurationName = Release;
		};
		6BE5760E231DCC30001A2623 /* Build configuration list for PBXNativeTarget "Lifes Progress" */ = {
			isa = XCConfigurationList;
			buildConfigurations = (
				6BE5760F231DCC30001A2623 /* Debug */,
				6BE57610231DCC30001A2623 /* Release */,
			);
			defaultConfigurationIsVisible = 0;
			defaultConfigurationName = Release;
		};
		6BE57611231DCC30001A2623 /* Build configuration list for PBXNativeTarget "Lifes ProgressTests" */ = {
			isa = XCConfigurationList;
			buildConfigurations = (
				6BE57612231DCC30001A2623 /* Debug */,
				6BE57613231DCC30001A2623 /* Release */,
			);
			defaultConfigurationIsVisible = 0;
			defaultConfigurationName = Release;
		};
		6BE57614231DCC30001A2623 /* Build configuration list for PBXNativeTarget "Lifes ProgressUITests" */ = {
			isa = XCConfigurationList;
			buildConfigurations = (
				6BE57615231DCC30001A2623 /* Debug */,
				6BE57616231DCC30001A2623 /* Release */,
			);
			defaultConfigurationIsVisible = 0;
			defaultConfigurationName = Release;
		};
/* End XCConfigurationList section */
	};
	rootObject = 6BE575E0231DCC2F001A2623 /* Project object */;
}
